// !$*UTF8*$!
{
	archiveVersion = 1;
	classes = {
	};
	objectVersion = 46;
	objects = {

/* Begin PBXBuildFile section */
		D830EA601ECB2A6000F53653 /* AppDelegate.swift in Sources */ = {isa = PBXBuildFile; fileRef = D830EA5F1ECB2A6000F53653 /* AppDelegate.swift */; };
		D830EA621ECB2A6000F53653 /* ViewController.swift in Sources */ = {isa = PBXBuildFile; fileRef = D830EA611ECB2A6000F53653 /* ViewController.swift */; };
		D830EA651ECB2A6000F53653 /* Main.storyboard in Resources */ = {isa = PBXBuildFile; fileRef = D830EA631ECB2A6000F53653 /* Main.storyboard */; };
		D830EA671ECB2A6000F53653 /* Assets.xcassets in Resources */ = {isa = PBXBuildFile; fileRef = D830EA661ECB2A6000F53653 /* Assets.xcassets */; };
		D830EA6A1ECB2A6000F53653 /* LaunchScreen.storyboard in Resources */ = {isa = PBXBuildFile; fileRef = D830EA681ECB2A6000F53653 /* LaunchScreen.storyboard */; };
/* End PBXBuildFile section */

/* Begin PBXFileReference section */
		D830EA5C1ECB2A6000F53653 /* Money Manager.app */ = {isa = PBXFileReference; explicitFileType = wrapper.application; includeInIndex = 0; path = "Money Manager.app"; sourceTree = BUILT_PRODUCTS_DIR; };
		D830EA5F1ECB2A6000F53653 /* AppDelegate.swift */ = {isa = PBXFileReference; lastKnownFileType = sourcecode.swift; path = AppDelegate.swift; sourceTree = "<group>"; };
		D830EA611ECB2A6000F53653 /* ViewController.swift */ = {isa = PBXFileReference; lastKnownFileType = sourcecode.swift; path = ViewController.swift; sourceTree = "<group>"; };
		D830EA641ECB2A6000F53653 /* Base */ = {isa = PBXFileReference; lastKnownFileType = file.storyboard; name = Base; path = Base.lproj/Main.storyboard; sourceTree = "<group>"; };
		D830EA661ECB2A6000F53653 /* Assets.xcassets */ = {isa = PBXFileReference; lastKnownFileType = folder.assetcatalog; path = Assets.xcassets; sourceTree = "<group>"; };
		D830EA691ECB2A6000F53653 /* Base */ = {isa = PBXFileReference; lastKnownFileType = file.storyboard; name = Base; path = Base.lproj/LaunchScreen.storyboard; sourceTree = "<group>"; };
		D830EA6B1ECB2A6000F53653 /* Info.plist */ = {isa = PBXFileReference; lastKnownFileType = text.plist.xml; path = Info.plist; sourceTree = "<group>"; };
/* End PBXFileReference section */

/* Begin PBXFrameworksBuildPhase section */
		D830EA591ECB2A6000F53653 /* Frameworks */ = {
			isa = PBXFrameworksBuildPhase;
			buildActionMask = 2147483647;
			files = (
			);
			runOnlyForDeploymentPostprocessing = 0;
		};
/* End PBXFrameworksBuildPhase section */

/* Begin PBXGroup section */
		D830EA531ECB2A6000F53653 = {
			isa = PBXGroup;
			children = (
				D830EA5E1ECB2A6000F53653 /* Money Manager */,
				D830EA5D1ECB2A6000F53653 /* Products */,
			);
			sourceTree = "<group>";
		};
		D830EA5D1ECB2A6000F53653 /* Products */ = {
			isa = PBXGroup;
			children = (
				D830EA5C1ECB2A6000F53653 /* Money Manager.app */,
			);
			name = Products;
			sourceTree = "<group>";
		};
		D830EA5E1ECB2A6000F53653 /* Money Manager */ = {
			isa = PBXGroup;
			children = (
				D830EA5F1ECB2A6000F53653 /* AppDelegate.swift */,
				D830EA611ECB2A6000F53653 /* ViewController.swift */,
				D830EA631ECB2A6000F53653 /* Main.storyboard */,
				D830EA661ECB2A6000F53653 /* Assets.xcassets */,
				D830EA681ECB2A6000F53653 /* LaunchScreen.storyboard */,
				D830EA6B1ECB2A6000F53653 /* Info.plist */,
			);
			path = "Money Manager";
			sourceTree = "<group>";
		};
/* End PBXGroup section */

/* Begin PBXNativeTarget section */
		D830EA5B1ECB2A6000F53653 /* Money Manager */ = {
			isa = PBXNativeTarget;
			buildConfigurationList = D830EA6E1ECB2A6000F53653 /* Build configuration list for PBXNativeTarget "Money Manager" */;
			buildPhases = (
				D830EA581ECB2A6000F53653 /* Sources */,
				D830EA591ECB2A6000F53653 /* Frameworks */,
				D830EA5A1ECB2A6000F53653 /* Resources */,
			);
			buildRules = (
			);
			dependencies = (
			);
			name = "Money Manager";
			productName = "Money Manager";
			productReference = D830EA5C1ECB2A6000F53653 /* Money Manager.app */;
			productType = "com.apple.product-type.application";
		};
/* End PBXNativeTarget section */

/* Begin PBXProject section */
		D830EA541ECB2A6000F53653 /* Project object */ = {
			isa = PBXProject;
			attributes = {
				LastSwiftUpdateCheck = 0830;
				LastUpgradeCheck = 0830;
				ORGANIZATIONNAME = "Joseph Kim";
				TargetAttributes = {
					D830EA5B1ECB2A6000F53653 = {
						CreatedOnToolsVersion = 8.3.2;
						DevelopmentTeam = C23R6NMUVD;
						ProvisioningStyle = Automatic;
					};
				};
			};
			buildConfigurationList = D830EA571ECB2A6000F53653 /* Build configuration list for PBXProject "Money Manager" */;
			compatibilityVersion = "Xcode 3.2";
			developmentRegion = English;
			hasScannedForEncodings = 0;
			knownRegions = (
				en,
				Base,
			);
			mainGroup = D830EA531ECB2A6000F53653;
			productRefGroup = D830EA5D1ECB2A6000F53653 /* Products */;
			projectDirPath = "";
			projectRoot = "";
			targets = (
				D830EA5B1ECB2A6000F53653 /* Money Manager */,
			);
		};
/* End PBXProject section */

/* Begin PBXResourcesBuildPhase section */
		D830EA5A1ECB2A6000F53653 /* Resources */ = {
			isa = PBXResourcesBuildPhase;
			buildActionMask = 2147483647;
			files = (
				D830EA6A1ECB2A6000F53653 /* LaunchScreen.storyboard in Resources */,
				D830EA671ECB2A6000F53653 /* Assets.xcassets in Resources */,
				D830EA651ECB2A6000F53653 /* Main.storyboard in Resources */,
			);
			runOnlyForDeploymentPostprocessing = 0;
		};
/* End PBXResourcesBuildPhase section */

/* Begin PBXSourcesBuildPhase section */
		D830EA581ECB2A6000F53653 /* Sources */ = {
			isa = PBXSourcesBuildPhase;
			buildActionMask = 2147483647;
			files = (
				D830EA621ECB2A6000F53653 /* ViewController.swift in Sources */,
				D830EA601ECB2A6000F53653 /* AppDelegate.swift in Sources */,
			);
			runOnlyForDeploymentPostprocessing = 0;
		};
/* End PBXSourcesBuildPhase section */

/* Begin PBXVariantGroup section */
		D830EA631ECB2A6000F53653 /* Main.storyboard */ = {
			isa = PBXVariantGroup;
			children = (
				D830EA641ECB2A6000F53653 /* Base */,
			);
			name = Main.storyboard;
			sourceTree = "<group>";
		};
		D830EA681ECB2A6000F53653 /* LaunchScreen.storyboard */ = {
			isa = PBXVariantGroup;
			children = (
				D830EA691ECB2A6000F53653 /* Base */,
			);
			name = LaunchScreen.storyboard;
			sourceTree = "<group>";
		};
/* End PBXVariantGroup section */

/* Begin XCBuildConfiguration section */
		D830EA6C1ECB2A6000F53653 /* Debug */ = {
			isa = XCBuildConfiguration;
			buildSettings = {
				ALWAYS_SEARCH_USER_PATHS = NO;
				CLANG_ANALYZER_NONNULL = YES;
				CLANG_ANALYZER_NUMBER_OBJECT_CONVERSION = YES_AGGRESSIVE;
				CLANG_CXX_LANGUAGE_STANDARD = "gnu++0x";
				CLANG_CXX_LIBRARY = "libc++";
				CLANG_ENABLE_MODULES = YES;
				CLANG_ENABLE_OBJC_ARC = YES;
				CLANG_WARN_BOOL_CONVERSION = YES;
				CLANG_WARN_CONSTANT_CONVERSION = YES;
				CLANG_WARN_DIRECT_OBJC_ISA_USAGE = YES_ERROR;
				CLANG_WARN_DOCUMENTATION_COMMENTS = YES;
				CLANG_WARN_EMPTY_BODY = YES;
				CLANG_WARN_ENUM_CONVERSION = YES;
				CLANG_WARN_INFINITE_RECURSION = YES;
				CLANG_WARN_INT_CONVERSION = YES;
				CLANG_WARN_OBJC_ROOT_CLASS = YES_ERROR;
				CLANG_WARN_SUSPICIOUS_MOVE = YES;
				CLANG_WARN_UNREACHABLE_CODE = YES;
				CLANG_WARN__DUPLICATE_METHOD_MATCH = YES;
				"CODE_SIGN_IDENTITY[sdk=iphoneos*]" = "iPhone Developer";
				COPY_PHASE_STRIP = NO;
				DEBUG_INFORMATION_FORMAT = dwarf;
				ENABLE_STRICT_OBJC_MSGSEND = YES;
				ENABLE_TESTABILITY = YES;
				GCC_C_LANGUAGE_STANDARD = gnu99;
				GCC_DYNAMIC_NO_PIC = NO;
				GCC_NO_COMMON_BLOCKS = YES;
				GCC_OPTIMIZATION_LEVEL = 0;
				GCC_PREPROCESSOR_DEFINITIONS = (
					"DEBUG=1",
					"$(inherited)",
				);
				GCC_WARN_64_TO_32_BIT_CONVERSION = YES;
				GCC_WARN_ABOUT_RETURN_TYPE = YES_ERROR;
				GCC_WARN_UNDECLARED_SELECTOR = YES;
				GCC_WARN_UNINITIALIZED_AUTOS = YES_AGGRESSIVE;
				GCC_WARN_UNUSED_FUNCTION = YES;
				GCC_WARN_UNUSED_VARIABLE = YES;
				IPHONEOS_DEPLOYMENT_TARGET = 10.3;
				MTL_ENABLE_DEBUG_INFO = YES;
				ONLY_ACTIVE_ARCH = YES;
				SDKROOT = iphoneos;
				SWIFT_ACTIVE_COMPILATION_CONDITIONS = DEBUG;
				SWIFT_OPTIMIZATION_LEVEL = "-Onone";
				TARGETED_DEVICE_FAMILY = "1,2";
			};
			name = Debug;
		};
		D830EA6D1ECB2A6000F53653 /* Release */ = {
			isa = XCBuildConfiguration;
			buildSettings = {
				ALWAYS_SEARCH_USER_PATHS = NO;
				CLANG_ANALYZER_NONNULL = YES;
				CLANG_ANALYZER_NUMBER_OBJECT_CONVERSION = YES_AGGRESSIVE;
				CLANG_CXX_LANGUAGE_STANDARD = "gnu++0x";
				CLANG_CXX_LIBRARY = "libc++";
				CLANG_ENABLE_MODULES = YES;
				CLANG_ENABLE_OBJC_ARC = YES;
				CLANG_WARN_BOOL_CONVERSION = YES;
				CLANG_WARN_CONSTANT_CONVERSION = YES;
				CLANG_WARN_DIRECT_OBJC_ISA_USAGE = YES_ERROR;
				CLANG_WARN_DOCUMENTATION_COMMENTS = YES;
				CLANG_WARN_EMPTY_BODY = YES;
				CLANG_WARN_ENUM_CONVERSION = YES;
				CLANG_WARN_INFINITE_RECURSION = YES;
				CLANG_WARN_INT_CONVERSION = YES;
				CLANG_WARN_OBJC_ROOT_CLASS = YES_ERROR;
				CLANG_WARN_SUSPICIOUS_MOVE = YES;
				CLANG_WARN_UNREACHABLE_CODE = YES;
				CLANG_WARN__DUPLICATE_METHOD_MATCH = YES;
				"CODE_SIGN_IDENTITY[sdk=iphoneos*]" = "iPhone Developer";
				COPY_PHASE_STRIP = NO;
				DEBUG_INFORMATION_FORMAT = "dwarf-with-dsym";
				ENABLE_NS_ASSERTIONS = NO;
				ENABLE_STRICT_OBJC_MSGSEND = YES;
				GCC_C_LANGUAGE_STANDARD = gnu99;
				GCC_NO_COMMON_BLOCKS = YES;
				GCC_WARN_64_TO_32_BIT_CONVERSION = YES;
				GCC_WARN_ABOUT_RETURN_TYPE = YES_ERROR;
				GCC_WARN_UNDECLARED_SELECTOR = YES;
				GCC_WARN_UNINITIALIZED_AUTOS = YES_AGGRESSIVE;
				GCC_WARN_UNUSED_FUNCTION = YES;
				GCC_WARN_UNUSED_VARIABLE = YES;
				IPHONEOS_DEPLOYMENT_TARGET = 10.3;
				MTL_ENABLE_DEBUG_INFO = NO;
				SDKROOT = iphoneos;
				SWIFT_OPTIMIZATION_LEVEL = "-Owholemodule";
				TARGETED_DEVICE_FAMILY = "1,2";
				VALIDATE_PRODUCT = YES;
			};
			name = Release;
		};
		D830EA6F1ECB2A6000F53653 /* Debug */ = {
			isa = XCBuildConfiguration;
			buildSettings = {
				ASSETCATALOG_COMPILER_APPICON_NAME = AppIcon;
				DEVELOPMENT_TEAM = C23R6NMUVD;
				INFOPLIST_FILE = "Money Manager/Info.plist";
				LD_RUNPATH_SEARCH_PATHS = "$(inherited) @executable_path/Frameworks";
				PRODUCT_BUNDLE_IDENTIFIER = "com.codejk.Money-Manager";
				PRODUCT_NAME = "$(TARGET_NAME)";
				SWIFT_VERSION = 3.0;
			};
			name = Debug;
		};
		D830EA701ECB2A6000F53653 /* Release */ = {
			isa = XCBuildConfiguration;
			buildSettings = {
				ASSETCATALOG_COMPILER_APPICON_NAME = AppIcon;
				DEVELOPMENT_TEAM = C23R6NMUVD;
				INFOPLIST_FILE = "Money Manager/Info.plist";
				LD_RUNPATH_SEARCH_PATHS = "$(inherited) @executable_path/Frameworks";
				PRODUCT_BUNDLE_IDENTIFIER = "com.codejk.Money-Manager";
				PRODUCT_NAME = "$(TARGET_NAME)";
				SWIFT_VERSION = 3.0;
			};
			name = Release;
		};
/* End XCBuildConfiguration section */

/* Begin XCConfigurationList section */
		D830EA571ECB2A6000F53653 /* Build configuration list for PBXProject "Money Manager" */ = {
			isa = XCConfigurationList;
			buildConfigurations = (
				D830EA6C1ECB2A6000F53653 /* Debug */,
				D830EA6D1ECB2A6000F53653 /* Release */,
			);
			defaultConfigurationIsVisible = 0;
			defaultConfigurationName = Release;
		};
		D830EA6E1ECB2A6000F53653 /* Build configuration list for PBXNativeTarget "Money Manager" */ = {
			isa = XCConfigurationList;
			buildConfigurations = (
				D830EA6F1ECB2A6000F53653 /* Debug */,
				D830EA701ECB2A6000F53653 /* Release */,
			);
			defaultConfigurationIsVisible = 0;
		};
/* End XCConfigurationList section */
	};
	rootObject = D830EA541ECB2A6000F53653 /* Project object */;
}
